
Microsoft Visual Studio Solution File, Format Version 12.00
# Visual Studio Version 16
VisualStudioVersion = 16.0.32126.315
MinimumVisualStudioVersion = 10.0.40219.1
Project("{FAE04EC0-301F-11D3-BF4B-00C04F79EFBC}") = "houseAgency", "houseAgency\houseAgency.csproj", "{F1375CC1-D557-4409-96B0-AC41E279E28A}"
EndProject
Global
	GlobalSection(SolutionConfigurationPlatforms) = preSolution
		Debug|Any CPU = Debug|Any CPU
		Release|Any CPU = Release|Any CPU
	EndGlobalSection
	GlobalSection(ProjectConfigurationPlatforms) = postSolution
		{F1375CC1-D557-4409-96B0-AC41E279E28A}.Debug|Any CPU.ActiveCfg = Debug|Any CPU
		{F1375CC1-D557-4409-96B0-AC41E279E28A}.Debug|Any CPU.Build.0 = Debug|Any CPU
		{F1375CC1-D557-4409-96B0-AC41E279E28A}.Release|Any CPU.ActiveCfg = Release|Any CPU
		{F1375CC1-D557-4409-96B0-AC41E279E28A}.Release|Any CPU.Build.0 = Release|Any CPU
	EndGlobalSection
	GlobalSection(SolutionProperties) = preSolution
		HideSolutionNode = FALSE
	EndGlobalSection
	GlobalSection(ExtensibilityGlobals) = postSolution
		SolutionGuid = {AAFEA9C5-77A0-4773-A5CD-FB617B7D3A8A}
	EndGlobalSection
EndGlobal
